
Microsoft Visual Studio Solution File, Format Version 12.00
# Visual Studio Version 17
VisualStudioVersion = 17.0.31903.59
MinimumVisualStudioVersion = 10.0.40219.1
Project("{FAE04EC0-301F-11D3-BF4B-00C04F79EFBC}") = "PokeDex-Project.Library", "PokeDex-Project.Library\PokeDex-Project.Library.csproj", "{9A9CC161-90CA-46BC-BBE7-AD75287B6F91}"
EndProject
Project("{FAE04EC0-301F-11D3-BF4B-00C04F79EFBC}") = "PokeDex-Project.Console", "PokeDex-Project.Console\PokeDex-Project.Console.csproj", "{A6238C8E-DC23-44DA-ABF8-9025FC21B5EB}"
EndProject
Project("{FAE04EC0-301F-11D3-BF4B-00C04F79EFBC}") = "PokeDex-Project.Blazor", "PokeDex-Project.Blazor\PokeDex-Project.Blazor.csproj", "{D9FEBFA8-90E0-496C-B197-1EDF3F5FFBC4}"
EndProject
Project("{FAE04EC0-301F-11D3-BF4B-00C04F79EFBC}") = "PokeDex-Project.Tests", "PokeDex-Project.Tests\PokeDex-Project.Tests.csproj", "{585A50C5-B7FE-421E-998F-10A4E12FF027}"
EndProject
Global
	GlobalSection(SolutionConfigurationPlatforms) = preSolution
		Debug|Any CPU = Debug|Any CPU
		Release|Any CPU = Release|Any CPU
	EndGlobalSection
	GlobalSection(SolutionProperties) = preSolution
		HideSolutionNode = FALSE
	EndGlobalSection
	GlobalSection(ProjectConfigurationPlatforms) = postSolution
		{9A9CC161-90CA-46BC-BBE7-AD75287B6F91}.Debug|Any CPU.ActiveCfg = Debug|Any CPU
		{9A9CC161-90CA-46BC-BBE7-AD75287B6F91}.Debug|Any CPU.Build.0 = Debug|Any CPU
		{9A9CC161-90CA-46BC-BBE7-AD75287B6F91}.Release|Any CPU.ActiveCfg = Release|Any CPU
		{9A9CC161-90CA-46BC-BBE7-AD75287B6F91}.Release|Any CPU.Build.0 = Release|Any CPU
		{A6238C8E-DC23-44DA-ABF8-9025FC21B5EB}.Debug|Any CPU.ActiveCfg = Debug|Any CPU
		{A6238C8E-DC23-44DA-ABF8-9025FC21B5EB}.Debug|Any CPU.Build.0 = Debug|Any CPU
		{A6238C8E-DC23-44DA-ABF8-9025FC21B5EB}.Release|Any CPU.ActiveCfg = Release|Any CPU
		{A6238C8E-DC23-44DA-ABF8-9025FC21B5EB}.Release|Any CPU.Build.0 = Release|Any CPU
		{D9FEBFA8-90E0-496C-B197-1EDF3F5FFBC4}.Debug|Any CPU.ActiveCfg = Debug|Any CPU
		{D9FEBFA8-90E0-496C-B197-1EDF3F5FFBC4}.Debug|Any CPU.Build.0 = Debug|Any CPU
		{D9FEBFA8-90E0-496C-B197-1EDF3F5FFBC4}.Release|Any CPU.ActiveCfg = Release|Any CPU
		{D9FEBFA8-90E0-496C-B197-1EDF3F5FFBC4}.Release|Any CPU.Build.0 = Release|Any CPU
		{585A50C5-B7FE-421E-998F-10A4E12FF027}.Debug|Any CPU.ActiveCfg = Debug|Any CPU
		{585A50C5-B7FE-421E-998F-10A4E12FF027}.Debug|Any CPU.Build.0 = Debug|Any CPU
		{585A50C5-B7FE-421E-998F-10A4E12FF027}.Release|Any CPU.ActiveCfg = Release|Any CPU
		{585A50C5-B7FE-421E-998F-10A4E12FF027}.Release|Any CPU.Build.0 = Release|Any CPU
	EndGlobalSection
EndGlobal
